lockfileVersion: '6.0'

settings:
  autoInstallPeers: true
  excludeLinksFromLockfile: false

dependencies:
  slick-carousel:
    specifier: github:kenwheeler/slick#a619bf4c24ec1816459ffd6e598c0f338d378bde
    version: github.com/kenwheeler/slick/a619bf4c24ec1816459ffd6e598c0f338d378bde(jquery@3.7.1)

packages:

  /jquery@3.7.1:
    resolution: {integrity: sha512-m4avr8yL8kmFN8psrbFFFmB/If14iN5o9nw/NgnnM+kybDJpRsAynV2BsfpTYrTRysYUdADVD7CkUUizgkpLfg==}
    dev: false

  github.com/kenwheeler/slick/a619bf4c24ec1816459ffd6e598c0f338d378bde(jquery@3.7.1):
    resolution: {tarball: https://codeload.github.com/kenwheeler/slick/tar.gz/a619bf4c24ec1816459ffd6e598c0f338d378bde}
    id: github.com/kenwheeler/slick/a619bf4c24ec1816459ffd6e598c0f338d378bde
    name: slick-carousel
    version: 1.8.1
    peerDependencies:
      jquery: '>=1.8.0'
    dependencies:
      jquery: 3.7.1
    dev: false
